
Microsoft Visual Studio Solution File, Format Version 12.00
# Visual Studio 15
VisualStudioVersion = 15.0.28307.852
MinimumVisualStudioVersion = 10.0.40219.1
Project("{9A19103F-16F7-4668-BE54-9A1E7A4F7556}") = "CRUD Operations", "CRUD Operations.csproj", "{7537B029-03B9-4278-9414-DCE839909C29}"
EndProject
Global
	GlobalSection(SolutionConfigurationPlatforms) = preSolution
		Debug|Any CPU = Debug|Any CPU
		Release|Any CPU = Release|Any CPU
	EndGlobalSection
	GlobalSection(ProjectConfigurationPlatforms) = postSolution
		{7537B029-03B9-4278-9414-DCE839909C29}.Debug|Any CPU.ActiveCfg = Debug|Any CPU
		{7537B029-03B9-4278-9414-DCE839909C29}.Debug|Any CPU.Build.0 = Debug|Any CPU
		{7537B029-03B9-4278-9414-DCE839909C29}.Release|Any CPU.ActiveCfg = Release|Any CPU
		{7537B029-03B9-4278-9414-DCE839909C29}.Release|Any CPU.Build.0 = Release|Any CPU
	EndGlobalSection
	GlobalSection(SolutionProperties) = preSolution
		HideSolutionNode = FALSE
	EndGlobalSection
	GlobalSection(ExtensibilityGlobals) = postSolution
		SolutionGuid = {D60D05A3-72BA-48F0-B72D-1CFF940F4D7E}
	EndGlobalSection
EndGlobal
